
Microsoft Visual Studio Solution File, Format Version 12.00
# Visual Studio Version 17
VisualStudioVersion = 17.9.34902.65
MinimumVisualStudioVersion = 10.0.40219.1
Project("{FAE04EC0-301F-11D3-BF4B-00C04F79EFBC}") = "CLI", "CLI\CLI.csproj", "{52614517-5D6E-4C68-A463-78C2461E50CC}"
EndProject
Global
	GlobalSection(SolutionConfigurationPlatforms) = preSolution
		Debug|Any CPU = Debug|Any CPU
		Release|Any CPU = Release|Any CPU
	EndGlobalSection
	GlobalSection(ProjectConfigurationPlatforms) = postSolution
		{52614517-5D6E-4C68-A463-78C2461E50CC}.Debug|Any CPU.ActiveCfg = Debug|Any CPU
		{52614517-5D6E-4C68-A463-78C2461E50CC}.Debug|Any CPU.Build.0 = Debug|Any CPU
		{52614517-5D6E-4C68-A463-78C2461E50CC}.Release|Any CPU.ActiveCfg = Release|Any CPU
		{52614517-5D6E-4C68-A463-78C2461E50CC}.Release|Any CPU.Build.0 = Release|Any CPU
	EndGlobalSection
	GlobalSection(SolutionProperties) = preSolution
		HideSolutionNode = FALSE
	EndGlobalSection
	GlobalSection(ExtensibilityGlobals) = postSolution
		SolutionGuid = {943C7B29-C6DF-4DEA-B4A7-599D27B47D82}
	EndGlobalSection
EndGlobal
